// !$*UTF8*$!
{
	archiveVersion = 1;
	classes = {
	};
	objectVersion = 55;
	objects = {

/* Begin PBXBuildFile section */
		957EEA0927523C3A00F326E1 /* BitcoinBuddyApp.swift in Sources */ = {isa = PBXBuildFile; fileRef = 957EEA0827523C3A00F326E1 /* BitcoinBuddyApp.swift */; };
		957EEA0B27523C3A00F326E1 /* ContentView.swift in Sources */ = {isa = PBXBuildFile; fileRef = 957EEA0A27523C3A00F326E1 /* ContentView.swift */; };
		957EEA0D27523C3B00F326E1 /* Assets.xcassets in Resources */ = {isa = PBXBuildFile; fileRef = 957EEA0C27523C3B00F326E1 /* Assets.xcassets */; };
		957EEA1027523C3B00F326E1 /* Preview Assets.xcassets in Resources */ = {isa = PBXBuildFile; fileRef = 957EEA0F27523C3B00F326E1 /* Preview Assets.xcassets */; };
		957EEA1227523C3B00F326E1 /* Persistence.swift in Sources */ = {isa = PBXBuildFile; fileRef = 957EEA1127523C3B00F326E1 /* Persistence.swift */; };
		957EEA1527523C3B00F326E1 /* BitcoinBuddy.xcdatamodeld in Sources */ = {isa = PBXBuildFile; fileRef = 957EEA1327523C3B00F326E1 /* BitcoinBuddy.xcdatamodeld */; };
		957EEA1F27523C3B00F326E1 /* BitcoinBuddyTests.swift in Sources */ = {isa = PBXBuildFile; fileRef = 957EEA1E27523C3B00F326E1 /* BitcoinBuddyTests.swift */; };
		957EEA2927523C3B00F326E1 /* BitcoinBuddyUITests.swift in Sources */ = {isa = PBXBuildFile; fileRef = 957EEA2827523C3B00F326E1 /* BitcoinBuddyUITests.swift */; };
		957EEA2B27523C3B00F326E1 /* BitcoinBuddyUITestsLaunchTests.swift in Sources */ = {isa = PBXBuildFile; fileRef = 957EEA2A27523C3B00F326E1 /* BitcoinBuddyUITestsLaunchTests.swift */; };
/* End PBXBuildFile section */

/* Begin PBXContainerItemProxy section */
		957EEA1B27523C3B00F326E1 /* PBXContainerItemProxy */ = {
			isa = PBXContainerItemProxy;
			containerPortal = 957EE9FD27523C3900F326E1 /* Project object */;
			proxyType = 1;
			remoteGlobalIDString = 957EEA0427523C3A00F326E1;
			remoteInfo = BitcoinBuddy;
		};
		957EEA2527523C3B00F326E1 /* PBXContainerItemProxy */ = {
			isa = PBXContainerItemProxy;
			containerPortal = 957EE9FD27523C3900F326E1 /* Project object */;
			proxyType = 1;
			remoteGlobalIDString = 957EEA0427523C3A00F326E1;
			remoteInfo = BitcoinBuddy;
		};
/* End PBXContainerItemProxy section */

/* Begin PBXFileReference section */
		957EEA0527523C3A00F326E1 /* BitcoinBuddy.app */ = {isa = PBXFileReference; explicitFileType = wrapper.application; includeInIndex = 0; path = BitcoinBuddy.app; sourceTree = BUILT_PRODUCTS_DIR; };
		957EEA0827523C3A00F326E1 /* BitcoinBuddyApp.swift */ = {isa = PBXFileReference; lastKnownFileType = sourcecode.swift; path = BitcoinBuddyApp.swift; sourceTree = "<group>"; };
		957EEA0A27523C3A00F326E1 /* ContentView.swift */ = {isa = PBXFileReference; lastKnownFileType = sourcecode.swift; path = ContentView.swift; sourceTree = "<group>"; };
		957EEA0C27523C3B00F326E1 /* Assets.xcassets */ = {isa = PBXFileReference; lastKnownFileType = folder.assetcatalog; path = Assets.xcassets; sourceTree = "<group>"; };
		957EEA0F27523C3B00F326E1 /* Preview Assets.xcassets */ = {isa = PBXFileReference; lastKnownFileType = folder.assetcatalog; path = "Preview Assets.xcassets"; sourceTree = "<group>"; };
		957EEA1127523C3B00F326E1 /* Persistence.swift */ = {isa = PBXFileReference; lastKnownFileType = sourcecode.swift; path = Persistence.swift; sourceTree = "<group>"; };
		957EEA1427523C3B00F326E1 /* BitcoinBuddy.xcdatamodel */ = {isa = PBXFileReference; lastKnownFileType = wrapper.xcdatamodel; path = BitcoinBuddy.xcdatamodel; sourceTree = "<group>"; };
		957EEA1A27523C3B00F326E1 /* BitcoinBuddyTests.xctest */ = {isa = PBXFileReference; explicitFileType = wrapper.cfbundle; includeInIndex = 0; path = BitcoinBuddyTests.xctest; sourceTree = BUILT_PRODUCTS_DIR; };
		957EEA1E27523C3B00F326E1 /* BitcoinBuddyTests.swift */ = {isa = PBXFileReference; lastKnownFileType = sourcecode.swift; path = BitcoinBuddyTests.swift; sourceTree = "<group>"; };
		957EEA2427523C3B00F326E1 /* BitcoinBuddyUITests.xctest */ = {isa = PBXFileReference; explicitFileType = wrapper.cfbundle; includeInIndex = 0; path = BitcoinBuddyUITests.xctest; sourceTree = BUILT_PRODUCTS_DIR; };
		957EEA2827523C3B00F326E1 /* BitcoinBuddyUITests.swift */ = {isa = PBXFileReference; lastKnownFileType = sourcecode.swift; path = BitcoinBuddyUITests.swift; sourceTree = "<group>"; };
		957EEA2A27523C3B00F326E1 /* BitcoinBuddyUITestsLaunchTests.swift */ = {isa = PBXFileReference; lastKnownFileType = sourcecode.swift; path = BitcoinBuddyUITestsLaunchTests.swift; sourceTree = "<group>"; };
/* End PBXFileReference section */

/* Begin PBXFrameworksBuildPhase section */
		957EEA0227523C3A00F326E1 /* Frameworks */ = {
			isa = PBXFrameworksBuildPhase;
			buildActionMask = 2147483647;
			files = (
			);
			runOnlyForDeploymentPostprocessing = 0;
		};
		957EEA1727523C3B00F326E1 /* Frameworks */ = {
			isa = PBXFrameworksBuildPhase;
			buildActionMask = 2147483647;
			files = (
			);
			runOnlyForDeploymentPostprocessing = 0;
		};
		957EEA2127523C3B00F326E1 /* Frameworks */ = {
			isa = PBXFrameworksBuildPhase;
			buildActionMask = 2147483647;
			files = (
			);
			runOnlyForDeploymentPostprocessing = 0;
		};
/* End PBXFrameworksBuildPhase section */

/* Begin PBXGroup section */
		957EE9FC27523C3900F326E1 = {
			isa = PBXGroup;
			children = (
				957EEA0727523C3A00F326E1 /* BitcoinBuddy */,
				957EEA1D27523C3B00F326E1 /* BitcoinBuddyTests */,
				957EEA2727523C3B00F326E1 /* BitcoinBuddyUITests */,
				957EEA0627523C3A00F326E1 /* Products */,
			);
			sourceTree = "<group>";
		};
		957EEA0627523C3A00F326E1 /* Products */ = {
			isa = PBXGroup;
			children = (
				957EEA0527523C3A00F326E1 /* BitcoinBuddy.app */,
				957EEA1A27523C3B00F326E1 /* BitcoinBuddyTests.xctest */,
				957EEA2427523C3B00F326E1 /* BitcoinBuddyUITests.xctest */,
			);
			name = Products;
			sourceTree = "<group>";
		};
		957EEA0727523C3A00F326E1 /* BitcoinBuddy */ = {
			isa = PBXGroup;
			children = (
				957EEA0827523C3A00F326E1 /* BitcoinBuddyApp.swift */,
				957EEA0A27523C3A00F326E1 /* ContentView.swift */,
				957EEA0C27523C3B00F326E1 /* Assets.xcassets */,
				957EEA1127523C3B00F326E1 /* Persistence.swift */,
				957EEA1327523C3B00F326E1 /* BitcoinBuddy.xcdatamodeld */,
				957EEA0E27523C3B00F326E1 /* Preview Content */,
			);
			path = BitcoinBuddy;
			sourceTree = "<group>";
		};
		957EEA0E27523C3B00F326E1 /* Preview Content */ = {
			isa = PBXGroup;
			children = (
				957EEA0F27523C3B00F326E1 /* Preview Assets.xcassets */,
			);
			path = "Preview Content";
			sourceTree = "<group>";
		};
		957EEA1D27523C3B00F326E1 /* BitcoinBuddyTests */ = {
			isa = PBXGroup;
			children = (
				957EEA1E27523C3B00F326E1 /* BitcoinBuddyTests.swift */,
			);
			path = BitcoinBuddyTests;
			sourceTree = "<group>";
		};
		957EEA2727523C3B00F326E1 /* BitcoinBuddyUITests */ = {
			isa = PBXGroup;
			children = (
				957EEA2827523C3B00F326E1 /* BitcoinBuddyUITests.swift */,
				957EEA2A27523C3B00F326E1 /* BitcoinBuddyUITestsLaunchTests.swift */,
			);
			path = BitcoinBuddyUITests;
			sourceTree = "<group>";
		};
/* End PBXGroup section */

/* Begin PBXNativeTarget section */
		957EEA0427523C3A00F326E1 /* BitcoinBuddy */ = {
			isa = PBXNativeTarget;
			buildConfigurationList = 957EEA2E27523C3B00F326E1 /* Build configuration list for PBXNativeTarget "BitcoinBuddy" */;
			buildPhases = (
				957EEA0127523C3A00F326E1 /* Sources */,
				957EEA0227523C3A00F326E1 /* Frameworks */,
				957EEA0327523C3A00F326E1 /* Resources */,
			);
			buildRules = (
			);
			dependencies = (
			);
			name = BitcoinBuddy;
			productName = BitcoinBuddy;
			productReference = 957EEA0527523C3A00F326E1 /* BitcoinBuddy.app */;
			productType = "com.apple.product-type.application";
		};
		957EEA1927523C3B00F326E1 /* BitcoinBuddyTests */ = {
			isa = PBXNativeTarget;
			buildConfigurationList = 957EEA3127523C3B00F326E1 /* Build configuration list for PBXNativeTarget "BitcoinBuddyTests" */;
			buildPhases = (
				957EEA1627523C3B00F326E1 /* Sources */,
				957EEA1727523C3B00F326E1 /* Frameworks */,
				957EEA1827523C3B00F326E1 /* Resources */,
			);
			buildRules = (
			);
			dependencies = (
				957EEA1C27523C3B00F326E1 /* PBXTargetDependency */,
			);
			name = BitcoinBuddyTests;
			productName = BitcoinBuddyTests;
			productReference = 957EEA1A27523C3B00F326E1 /* BitcoinBuddyTests.xctest */;
			productType = "com.apple.product-type.bundle.unit-test";
		};
		957EEA2327523C3B00F326E1 /* BitcoinBuddyUITests */ = {
			isa = PBXNativeTarget;
			buildConfigurationList = 957EEA3427523C3B00F326E1 /* Build configuration list for PBXNativeTarget "BitcoinBuddyUITests" */;
			buildPhases = (
				957EEA2027523C3B00F326E1 /* Sources */,
				957EEA2127523C3B00F326E1 /* Frameworks */,
				957EEA2227523C3B00F326E1 /* Resources */,
			);
			buildRules = (
			);
			dependencies = (
				957EEA2627523C3B00F326E1 /* PBXTargetDependency */,
			);
			name = BitcoinBuddyUITests;
			productName = BitcoinBuddyUITests;
			productReference = 957EEA2427523C3B00F326E1 /* BitcoinBuddyUITests.xctest */;
			productType = "com.apple.product-type.bundle.ui-testing";
		};
/* End PBXNativeTarget section */

/* Begin PBXProject section */
		957EE9FD27523C3900F326E1 /* Project object */ = {
			isa = PBXProject;
			attributes = {
				BuildIndependentTargetsInParallel = 1;
				LastSwiftUpdateCheck = 1310;
				LastUpgradeCheck = 1310;
				TargetAttributes = {
					957EEA0427523C3A00F326E1 = {
						CreatedOnToolsVersion = 13.1;
					};
					957EEA1927523C3B00F326E1 = {
						CreatedOnToolsVersion = 13.1;
						TestTargetID = 957EEA0427523C3A00F326E1;
					};
					957EEA2327523C3B00F326E1 = {
						CreatedOnToolsVersion = 13.1;
						TestTargetID = 957EEA0427523C3A00F326E1;
					};
				};
			};
			buildConfigurationList = 957EEA0027523C3900F326E1 /* Build configuration list for PBXProject "BitcoinBuddy" */;
			compatibilityVersion = "Xcode 13.0";
			developmentRegion = en;
			hasScannedForEncodings = 0;
			knownRegions = (
				en,
				Base,
			);
			mainGroup = 957EE9FC27523C3900F326E1;
			productRefGroup = 957EEA0627523C3A00F326E1 /* Products */;
			projectDirPath = "";
			projectRoot = "";
			targets = (
				957EEA0427523C3A00F326E1 /* BitcoinBuddy */,
				957EEA1927523C3B00F326E1 /* BitcoinBuddyTests */,
				957EEA2327523C3B00F326E1 /* BitcoinBuddyUITests */,
			);
		};
/* End PBXProject section */

/* Begin PBXResourcesBuildPhase section */
		957EEA0327523C3A00F326E1 /* Resources */ = {
			isa = PBXResourcesBuildPhase;
			buildActionMask = 2147483647;
			files = (
				957EEA1027523C3B00F326E1 /* Preview Assets.xcassets in Resources */,
				957EEA0D27523C3B00F326E1 /* Assets.xcassets in Resources */,
			);
			runOnlyForDeploymentPostprocessing = 0;
		};
		957EEA1827523C3B00F326E1 /* Resources */ = {
			isa = PBXResourcesBuildPhase;
			buildActionMask = 2147483647;
			files = (
			);
			runOnlyForDeploymentPostprocessing = 0;
		};
		957EEA2227523C3B00F326E1 /* Resources */ = {
			isa = PBXResourcesBuildPhase;
			buildActionMask = 2147483647;
			files = (
			);
			runOnlyForDeploymentPostprocessing = 0;
		};
/* End PBXResourcesBuildPhase section */

/* Begin PBXSourcesBuildPhase section */
		957EEA0127523C3A00F326E1 /* Sources */ = {
			isa = PBXSourcesBuildPhase;
			buildActionMask = 2147483647;
			files = (
				957EEA1227523C3B00F326E1 /* Persistence.swift in Sources */,
				957EEA1527523C3B00F326E1 /* BitcoinBuddy.xcdatamodeld in Sources */,
				957EEA0B27523C3A00F326E1 /* ContentView.swift in Sources */,
				957EEA0927523C3A00F326E1 /* BitcoinBuddyApp.swift in Sources */,
			);
			runOnlyForDeploymentPostprocessing = 0;
		};
		957EEA1627523C3B00F326E1 /* Sources */ = {
			isa = PBXSourcesBuildPhase;
			buildActionMask = 2147483647;
			files = (
				957EEA1F27523C3B00F326E1 /* BitcoinBuddyTests.swift in Sources */,
			);
			runOnlyForDeploymentPostprocessing = 0;
		};
		957EEA2027523C3B00F326E1 /* Sources */ = {
			isa = PBXSourcesBuildPhase;
			buildActionMask = 2147483647;
			files = (
				957EEA2B27523C3B00F326E1 /* BitcoinBuddyUITestsLaunchTests.swift in Sources */,
				957EEA2927523C3B00F326E1 /* BitcoinBuddyUITests.swift in Sources */,
			);
			runOnlyForDeploymentPostprocessing = 0;
		};
/* End PBXSourcesBuildPhase section */

/* Begin PBXTargetDependency section */
		957EEA1C27523C3B00F326E1 /* PBXTargetDependency */ = {
			isa = PBXTargetDependency;
			target = 957EEA0427523C3A00F326E1 /* BitcoinBuddy */;
			targetProxy = 957EEA1B27523C3B00F326E1 /* PBXContainerItemProxy */;
		};
		957EEA2627523C3B00F326E1 /* PBXTargetDependency */ = {
			isa = PBXTargetDependency;
			target = 957EEA0427523C3A00F326E1 /* BitcoinBuddy */;
			targetProxy = 957EEA2527523C3B00F326E1 /* PBXContainerItemProxy */;
		};
/* End PBXTargetDependency section */

/* Begin XCBuildConfiguration section */
		957EEA2C27523C3B00F326E1 /* Debug */ = {
			isa = XCBuildConfiguration;
			buildSettings = {
				ALWAYS_SEARCH_USER_PATHS = NO;
				CLANG_ANALYZER_NONNULL = YES;
				CLANG_ANALYZER_NUMBER_OBJECT_CONVERSION = YES_AGGRESSIVE;
				CLANG_CXX_LANGUAGE_STANDARD = "gnu++17";
				CLANG_CXX_LIBRARY = "libc++";
				CLANG_ENABLE_MODULES = YES;
				CLANG_ENABLE_OBJC_ARC = YES;
				CLANG_ENABLE_OBJC_WEAK = YES;
				CLANG_WARN_BLOCK_CAPTURE_AUTORELEASING = YES;
				CLANG_WARN_BOOL_CONVERSION = YES;
				CLANG_WARN_COMMA = YES;
				CLANG_WARN_CONSTANT_CONVERSION = YES;
				CLANG_WARN_DEPRECATED_OBJC_IMPLEMENTATIONS = YES;
				CLANG_WARN_DIRECT_OBJC_ISA_USAGE = YES_ERROR;
				CLANG_WARN_DOCUMENTATION_COMMENTS = YES;
				CLANG_WARN_EMPTY_BODY = YES;
				CLANG_WARN_ENUM_CONVERSION = YES;
				CLANG_WARN_INFINITE_RECURSION = YES;
				CLANG_WARN_INT_CONVERSION = YES;
				CLANG_WARN_NON_LITERAL_NULL_CONVERSION = YES;
				CLANG_WARN_OBJC_IMPLICIT_RETAIN_SELF = YES;
				CLANG_WARN_OBJC_LITERAL_CONVERSION = YES;
				CLANG_WARN_OBJC_ROOT_CLASS = YES_ERROR;
				CLANG_WARN_QUOTED_INCLUDE_IN_FRAMEWORK_HEADER = YES;
				CLANG_WARN_RANGE_LOOP_ANALYSIS = YES;
				CLANG_WARN_STRICT_PROTOTYPES = YES;
				CLANG_WARN_SUSPICIOUS_MOVE = YES;
				CLANG_WARN_UNGUARDED_AVAILABILITY = YES_AGGRESSIVE;
				CLANG_WARN_UNREACHABLE_CODE = YES;
				CLANG_WARN__DUPLICATE_METHOD_MATCH = YES;
				COPY_PHASE_STRIP = NO;
				DEBUG_INFORMATION_FORMAT = dwarf;
				ENABLE_STRICT_OBJC_MSGSEND = YES;
				ENABLE_TESTABILITY = YES;
				GCC_C_LANGUAGE_STANDARD = gnu11;
				GCC_DYNAMIC_NO_PIC = NO;
				GCC_NO_COMMON_BLOCKS = YES;
				GCC_OPTIMIZATION_LEVEL = 0;
				GCC_PREPROCESSOR_DEFINITIONS = (
					"DEBUG=1",
					"$(inherited)",
				);
				GCC_WARN_64_TO_32_BIT_CONVERSION = YES;
				GCC_WARN_ABOUT_RETURN_TYPE = YES_ERROR;
				GCC_WARN_UNDECLARED_SELECTOR = YES;
				GCC_WARN_UNINITIALIZED_AUTOS = YES_AGGRESSIVE;
				GCC_WARN_UNUSED_FUNCTION = YES;
				GCC_WARN_UNUSED_VARIABLE = YES;
				IPHONEOS_DEPLOYMENT_TARGET = 15.0;
				MTL_ENABLE_DEBUG_INFO = INCLUDE_SOURCE;
				MTL_FAST_MATH = YES;
				ONLY_ACTIVE_ARCH = YES;
				SDKROOT = iphoneos;
				SWIFT_ACTIVE_COMPILATION_CONDITIONS = DEBUG;
				SWIFT_OPTIMIZATION_LEVEL = "-Onone";
			};
			name = Debug;
		};
		957EEA2D27523C3B00F326E1 /* Release */ = {
			isa = XCBuildConfiguration;
			buildSettings = {
				ALWAYS_SEARCH_USER_PATHS = NO;
				CLANG_ANALYZER_NONNULL = YES;
				CLANG_ANALYZER_NUMBER_OBJECT_CONVERSION = YES_AGGRESSIVE;
				CLANG_CXX_LANGUAGE_STANDARD = "gnu++17";
				CLANG_CXX_LIBRARY = "libc++";
				CLANG_ENABLE_MODULES = YES;
				CLANG_ENABLE_OBJC_ARC = YES;
				CLANG_ENABLE_OBJC_WEAK = YES;
				CLANG_WARN_BLOCK_CAPTURE_AUTORELEASING = YES;
				CLANG_WARN_BOOL_CONVERSION = YES;
				CLANG_WARN_COMMA = YES;
				CLANG_WARN_CONSTANT_CONVERSION = YES;
				CLANG_WARN_DEPRECATED_OBJC_IMPLEMENTATIONS = YES;
				CLANG_WARN_DIRECT_OBJC_ISA_USAGE = YES_ERROR;
				CLANG_WARN_DOCUMENTATION_COMMENTS = YES;
				CLANG_WARN_EMPTY_BODY = YES;
				CLANG_WARN_ENUM_CONVERSION = YES;
				CLANG_WARN_INFINITE_RECURSION = YES;
				CLANG_WARN_INT_CONVERSION = YES;
				CLANG_WARN_NON_LITERAL_NULL_CONVERSION = YES;
				CLANG_WARN_OBJC_IMPLICIT_RETAIN_SELF = YES;
				CLANG_WARN_OBJC_LITERAL_CONVERSION = YES;
				CLANG_WARN_OBJC_ROOT_CLASS = YES_ERROR;
				CLANG_WARN_QUOTED_INCLUDE_IN_FRAMEWORK_HEADER = YES;
				CLANG_WARN_RANGE_LOOP_ANALYSIS = YES;
				CLANG_WARN_STRICT_PROTOTYPES = YES;
				CLANG_WARN_SUSPICIOUS_MOVE = YES;
				CLANG_WARN_UNGUARDED_AVAILABILITY = YES_AGGRESSIVE;
				CLANG_WARN_UNREACHABLE_CODE = YES;
				CLANG_WARN__DUPLICATE_METHOD_MATCH = YES;
				COPY_PHASE_STRIP = NO;
				DEBUG_INFORMATION_FORMAT = "dwarf-with-dsym";
				ENABLE_NS_ASSERTIONS = NO;
				ENABLE_STRICT_OBJC_MSGSEND = YES;
				GCC_C_LANGUAGE_STANDARD = gnu11;
				GCC_NO_COMMON_BLOCKS = YES;
				GCC_WARN_64_TO_32_BIT_CONVERSION = YES;
				GCC_WARN_ABOUT_RETURN_TYPE = YES_ERROR;
				GCC_WARN_UNDECLARED_SELECTOR = YES;
				GCC_WARN_UNINITIALIZED_AUTOS = YES_AGGRESSIVE;
				GCC_WARN_UNUSED_FUNCTION = YES;
				GCC_WARN_UNUSED_VARIABLE = YES;
				IPHONEOS_DEPLOYMENT_TARGET = 15.0;
				MTL_ENABLE_DEBUG_INFO = NO;
				MTL_FAST_MATH = YES;
				SDKROOT = iphoneos;
				SWIFT_COMPILATION_MODE = wholemodule;
				SWIFT_OPTIMIZATION_LEVEL = "-O";
				VALIDATE_PRODUCT = YES;
			};
			name = Release;
		};
		957EEA2F27523C3B00F326E1 /* Debug */ = {
			isa = XCBuildConfiguration;
			buildSettings = {
				ASSETCATALOG_COMPILER_APPICON_NAME = AppIcon;
				ASSETCATALOG_COMPILER_GLOBAL_ACCENT_COLOR_NAME = AccentColor;
				CODE_SIGN_STYLE = Automatic;
				CURRENT_PROJECT_VERSION = 1;
				DEVELOPMENT_ASSET_PATHS = "\"BitcoinBuddy/Preview Content\"";
				DEVELOPMENT_TEAM = MTX83R5H8X;
				ENABLE_PREVIEWS = YES;
				GENERATE_INFOPLIST_FILE = YES;
				INFOPLIST_KEY_UIApplicationSceneManifest_Generation = YES;
				INFOPLIST_KEY_UIApplicationSupportsIndirectInputEvents = YES;
				INFOPLIST_KEY_UILaunchScreen_Generation = YES;
				INFOPLIST_KEY_UISupportedInterfaceOrientations_iPad = "UIInterfaceOrientationPortrait UIInterfaceOrientationPortraitUpsideDown UIInterfaceOrientationLandscapeLeft UIInterfaceOrientationLandscapeRight";
				INFOPLIST_KEY_UISupportedInterfaceOrientations_iPhone = "UIInterfaceOrientationPortrait UIInterfaceOrientationLandscapeLeft UIInterfaceOrientationLandscapeRight";
				LD_RUNPATH_SEARCH_PATHS = (
					"$(inherited)",
					"@executable_path/Frameworks",
				);
				MARKETING_VERSION = 1.0;
				PRODUCT_BUNDLE_IDENTIFIER = io.dennistech.BitcoinBuddy;
				PRODUCT_NAME = "$(TARGET_NAME)";
				SWIFT_EMIT_LOC_STRINGS = YES;
				SWIFT_VERSION = 5.0;
				TARGETED_DEVICE_FAMILY = "1,2";
			};
			name = Debug;
		};
		957EEA3027523C3B00F326E1 /* Release */ = {
			isa = XCBuildConfiguration;
			buildSettings = {
				ASSETCATALOG_COMPILER_APPICON_NAME = AppIcon;
				ASSETCATALOG_COMPILER_GLOBAL_ACCENT_COLOR_NAME = AccentColor;
				CODE_SIGN_STYLE = Automatic;
				CURRENT_PROJECT_VERSION = 1;
				DEVELOPMENT_ASSET_PATHS = "\"BitcoinBuddy/Preview Content\"";
				DEVELOPMENT_TEAM = MTX83R5H8X;
				ENABLE_PREVIEWS = YES;
				GENERATE_INFOPLIST_FILE = YES;
				INFOPLIST_KEY_UIApplicationSceneManifest_Generation = YES;
				INFOPLIST_KEY_UIApplicationSupportsIndirectInputEvents = YES;
				INFOPLIST_KEY_UILaunchScreen_Generation = YES;
				INFOPLIST_KEY_UISupportedInterfaceOrientations_iPad = "UIInterfaceOrientationPortrait UIInterfaceOrientationPortraitUpsideDown UIInterfaceOrientationLandscapeLeft UIInterfaceOrientationLandscapeRight";
				INFOPLIST_KEY_UISupportedInterfaceOrientations_iPhone = "UIInterfaceOrientationPortrait UIInterfaceOrientationLandscapeLeft UIInterfaceOrientationLandscapeRight";
				LD_RUNPATH_SEARCH_PATHS = (
					"$(inherited)",
					"@executable_path/Frameworks",
				);
				MARKETING_VERSION = 1.0;
				PRODUCT_BUNDLE_IDENTIFIER = io.dennistech.BitcoinBuddy;
				PRODUCT_NAME = "$(TARGET_NAME)";
				SWIFT_EMIT_LOC_STRINGS = YES;
				SWIFT_VERSION = 5.0;
				TARGETED_DEVICE_FAMILY = "1,2";
			};
			name = Release;
		};
		957EEA3227523C3B00F326E1 /* Debug */ = {
			isa = XCBuildConfiguration;
			buildSettings = {
				ALWAYS_EMBED_SWIFT_STANDARD_LIBRARIES = YES;
				BUNDLE_LOADER = "$(TEST_HOST)";
				CODE_SIGN_STYLE = Automatic;
				CURRENT_PROJECT_VERSION = 1;
				DEVELOPMENT_TEAM = MTX83R5H8X;
				GENERATE_INFOPLIST_FILE = YES;
				IPHONEOS_DEPLOYMENT_TARGET = 15.0;
				LD_RUNPATH_SEARCH_PATHS = (
					"$(inherited)",
					"@executable_path/Frameworks",
					"@loader_path/Frameworks",
				);
				MARKETING_VERSION = 1.0;
				PRODUCT_BUNDLE_IDENTIFIER = io.dennistech.BitcoinBuddyTests;
				PRODUCT_NAME = "$(TARGET_NAME)";
				SWIFT_EMIT_LOC_STRINGS = NO;
				SWIFT_VERSION = 5.0;
				TARGETED_DEVICE_FAMILY = "1,2";
				TEST_HOST = "$(BUILT_PRODUCTS_DIR)/BitcoinBuddy.app/BitcoinBuddy";
			};
			name = Debug;
		};
		957EEA3327523C3B00F326E1 /* Release */ = {
			isa = XCBuildConfiguration;
			buildSettings = {
				ALWAYS_EMBED_SWIFT_STANDARD_LIBRARIES = YES;
				BUNDLE_LOADER = "$(TEST_HOST)";
				CODE_SIGN_STYLE = Automatic;
				CURRENT_PROJECT_VERSION = 1;
				DEVELOPMENT_TEAM = MTX83R5H8X;
				GENERATE_INFOPLIST_FILE = YES;
				IPHONEOS_DEPLOYMENT_TARGET = 15.0;
				LD_RUNPATH_SEARCH_PATHS = (
					"$(inherited)",
					"@executable_path/Frameworks",
					"@loader_path/Frameworks",
				);
				MARKETING_VERSION = 1.0;
				PRODUCT_BUNDLE_IDENTIFIER = io.dennistech.BitcoinBuddyTests;
				PRODUCT_NAME = "$(TARGET_NAME)";
				SWIFT_EMIT_LOC_STRINGS = NO;
				SWIFT_VERSION = 5.0;
				TARGETED_DEVICE_FAMILY = "1,2";
				TEST_HOST = "$(BUILT_PRODUCTS_DIR)/BitcoinBuddy.app/BitcoinBuddy";
			};
			name = Release;
		};
		957EEA3527523C3B00F326E1 /* Debug */ = {
			isa = XCBuildConfiguration;
			buildSettings = {
				ALWAYS_EMBED_SWIFT_STANDARD_LIBRARIES = YES;
				CODE_SIGN_STYLE = Automatic;
				CURRENT_PROJECT_VERSION = 1;
				DEVELOPMENT_TEAM = MTX83R5H8X;
				GENERATE_INFOPLIST_FILE = YES;
				LD_RUNPATH_SEARCH_PATHS = (
					"$(inherited)",
					"@executable_path/Frameworks",
					"@loader_path/Frameworks",
				);
				MARKETING_VERSION = 1.0;
				PRODUCT_BUNDLE_IDENTIFIER = io.dennistech.BitcoinBuddyUITests;
				PRODUCT_NAME = "$(TARGET_NAME)";
				SWIFT_EMIT_LOC_STRINGS = NO;
				SWIFT_VERSION = 5.0;
				TARGETED_DEVICE_FAMILY = "1,2";
				TEST_TARGET_NAME = BitcoinBuddy;
			};
			name = Debug;
		};
		957EEA3627523C3B00F326E1 /* Release */ = {
			isa = XCBuildConfiguration;
			buildSettings = {
				ALWAYS_EMBED_SWIFT_STANDARD_LIBRARIES = YES;
				CODE_SIGN_STYLE = Automatic;
				CURRENT_PROJECT_VERSION = 1;
				DEVELOPMENT_TEAM = MTX83R5H8X;
				GENERATE_INFOPLIST_FILE = YES;
				LD_RUNPATH_SEARCH_PATHS = (
					"$(inherited)",
					"@executable_path/Frameworks",
					"@loader_path/Frameworks",
				);
				MARKETING_VERSION = 1.0;
				PRODUCT_BUNDLE_IDENTIFIER = io.dennistech.BitcoinBuddyUITests;
				PRODUCT_NAME = "$(TARGET_NAME)";
				SWIFT_EMIT_LOC_STRINGS = NO;
				SWIFT_VERSION = 5.0;
				TARGETED_DEVICE_FAMILY = "1,2";
				TEST_TARGET_NAME = BitcoinBuddy;
			};
			name = Release;
		};
/* End XCBuildConfiguration section */

/* Begin XCConfigurationList section */
		957EEA0027523C3900F326E1 /* Build configuration list for PBXProject "BitcoinBuddy" */ = {
			isa = XCConfigurationList;
			buildConfigurations = (
				957EEA2C27523C3B00F326E1 /* Debug */,
				957EEA2D27523C3B00F326E1 /* Release */,
			);
			defaultConfigurationIsVisible = 0;
			defaultConfigurationName = Release;
		};
		957EEA2E27523C3B00F326E1 /* Build configuration list for PBXNativeTarget "BitcoinBuddy" */ = {
			isa = XCConfigurationList;
			buildConfigurations = (
				957EEA2F27523C3B00F326E1 /* Debug */,
				957EEA3027523C3B00F326E1 /* Release */,
			);
			defaultConfigurationIsVisible = 0;
			defaultConfigurationName = Release;
		};
		957EEA3127523C3B00F326E1 /* Build configuration list for PBXNativeTarget "BitcoinBuddyTests" */ = {
			isa = XCConfigurationList;
			buildConfigurations = (
				957EEA3227523C3B00F326E1 /* Debug */,
				957EEA3327523C3B00F326E1 /* Release */,
			);
			defaultConfigurationIsVisible = 0;
			defaultConfigurationName = Release;
		};
		957EEA3427523C3B00F326E1 /* Build configuration list for PBXNativeTarget "BitcoinBuddyUITests" */ = {
			isa = XCConfigurationList;
			buildConfigurations = (
				957EEA3527523C3B00F326E1 /* Debug */,
				957EEA3627523C3B00F326E1 /* Release */,
			);
			defaultConfigurationIsVisible = 0;
			defaultConfigurationName = Release;
		};
/* End XCConfigurationList section */

/* Begin XCVersionGroup section */
		957EEA1327523C3B00F326E1 /* BitcoinBuddy.xcdatamodeld */ = {
			isa = XCVersionGroup;
			children = (
				957EEA1427523C3B00F326E1 /* BitcoinBuddy.xcdatamodel */,
			);
			currentVersion = 957EEA1427523C3B00F326E1 /* BitcoinBuddy.xcdatamodel */;
			path = BitcoinBuddy.xcdatamodeld;
			sourceTree = "<group>";
			versionGroupType = wrapper.xcdatamodel;
		};
/* End XCVersionGroup section */
	};
	rootObject = 957EE9FD27523C3900F326E1 /* Project object */;
}
